
Microsoft Visual Studio Solution File, Format Version 12.00
# Visual Studio 15
VisualStudioVersion = 15.0.27004.2002
MinimumVisualStudioVersion = 10.0.40219.1
Project("{FAE04EC0-301F-11D3-BF4B-00C04F79EFBC}") = "P02_DatabaseFirst", "P02_DatabaseFirst\P02_DatabaseFirst.csproj", "{D841CB28-8773-43CD-8762-682281ABFDDE}"
EndProject
Global
	GlobalSection(SolutionConfigurationPlatforms) = preSolution
		Debug|Any CPU = Debug|Any CPU
		Release|Any CPU = Release|Any CPU
	EndGlobalSection
	GlobalSection(ProjectConfigurationPlatforms) = postSolution
		{D841CB28-8773-43CD-8762-682281ABFDDE}.Debug|Any CPU.ActiveCfg = Debug|Any CPU
		{D841CB28-8773-43CD-8762-682281ABFDDE}.Debug|Any CPU.Build.0 = Debug|Any CPU
		{D841CB28-8773-43CD-8762-682281ABFDDE}.Release|Any CPU.ActiveCfg = Release|Any CPU
		{D841CB28-8773-43CD-8762-682281ABFDDE}.Release|Any CPU.Build.0 = Release|Any CPU
	EndGlobalSection
	GlobalSection(SolutionProperties) = preSolution
		HideSolutionNode = FALSE
	EndGlobalSection
	GlobalSection(ExtensibilityGlobals) = postSolution
		SolutionGuid = {17E37DB7-0723-45EA-AA2C-F27D4827EC5C}
	EndGlobalSection
EndGlobal
