
Microsoft Visual Studio Solution File, Format Version 12.00
# Visual Studio 15
VisualStudioVersion = 15.0.27004.2008
MinimumVisualStudioVersion = 10.0.40219.1
Project("{9A19103F-16F7-4668-BE54-9A1E7A4F7556}") = "Instagraph.App", "Instagraph.App\Instagraph.App.csproj", "{6C5EFD36-544B-4114-8351-F3A09838E066}"
EndProject
Project("{9A19103F-16F7-4668-BE54-9A1E7A4F7556}") = "Instagraph.Models", "Instagraph.Models\Instagraph.Models.csproj", "{2A4A9EAF-4D9D-424D-898D-EF735C9DC3D6}"
EndProject
Project("{9A19103F-16F7-4668-BE54-9A1E7A4F7556}") = "Instagraph.Data", "Instagraph.Data\Instagraph.Data.csproj", "{ABA3E92B-787F-4645-8F8A-3CB3009A2848}"
EndProject
Project("{FAE04EC0-301F-11D3-BF4B-00C04F79EFBC}") = "Instagraph.Import", "Instagraph.Import\Instagraph.Import.csproj", "{12EC6DDB-9B93-449F-821B-402D1A408D81}"
EndProject
Project("{FAE04EC0-301F-11D3-BF4B-00C04F79EFBC}") = "Instagraph.Export", "Instagraph.Export\Instagraph.Export.csproj", "{E9A97C7B-E597-43BD-949A-190DC560B5CA}"
EndProject
Global
	GlobalSection(SolutionConfigurationPlatforms) = preSolution
		Debug|Any CPU = Debug|Any CPU
		Release|Any CPU = Release|Any CPU
	EndGlobalSection
	GlobalSection(ProjectConfigurationPlatforms) = postSolution
		{6C5EFD36-544B-4114-8351-F3A09838E066}.Debug|Any CPU.ActiveCfg = Debug|Any CPU
		{6C5EFD36-544B-4114-8351-F3A09838E066}.Debug|Any CPU.Build.0 = Debug|Any CPU
		{6C5EFD36-544B-4114-8351-F3A09838E066}.Release|Any CPU.ActiveCfg = Release|Any CPU
		{6C5EFD36-544B-4114-8351-F3A09838E066}.Release|Any CPU.Build.0 = Release|Any CPU
		{2A4A9EAF-4D9D-424D-898D-EF735C9DC3D6}.Debug|Any CPU.ActiveCfg = Debug|Any CPU
		{2A4A9EAF-4D9D-424D-898D-EF735C9DC3D6}.Debug|Any CPU.Build.0 = Debug|Any CPU
		{2A4A9EAF-4D9D-424D-898D-EF735C9DC3D6}.Release|Any CPU.ActiveCfg = Release|Any CPU
		{2A4A9EAF-4D9D-424D-898D-EF735C9DC3D6}.Release|Any CPU.Build.0 = Release|Any CPU
		{ABA3E92B-787F-4645-8F8A-3CB3009A2848}.Debug|Any CPU.ActiveCfg = Debug|Any CPU
		{ABA3E92B-787F-4645-8F8A-3CB3009A2848}.Debug|Any CPU.Build.0 = Debug|Any CPU
		{ABA3E92B-787F-4645-8F8A-3CB3009A2848}.Release|Any CPU.ActiveCfg = Release|Any CPU
		{ABA3E92B-787F-4645-8F8A-3CB3009A2848}.Release|Any CPU.Build.0 = Release|Any CPU
		{12EC6DDB-9B93-449F-821B-402D1A408D81}.Debug|Any CPU.ActiveCfg = Debug|Any CPU
		{12EC6DDB-9B93-449F-821B-402D1A408D81}.Debug|Any CPU.Build.0 = Debug|Any CPU
		{12EC6DDB-9B93-449F-821B-402D1A408D81}.Release|Any CPU.ActiveCfg = Release|Any CPU
		{12EC6DDB-9B93-449F-821B-402D1A408D81}.Release|Any CPU.Build.0 = Release|Any CPU
		{E9A97C7B-E597-43BD-949A-190DC560B5CA}.Debug|Any CPU.ActiveCfg = Debug|Any CPU
		{E9A97C7B-E597-43BD-949A-190DC560B5CA}.Debug|Any CPU.Build.0 = Debug|Any CPU
		{E9A97C7B-E597-43BD-949A-190DC560B5CA}.Release|Any CPU.ActiveCfg = Release|Any CPU
		{E9A97C7B-E597-43BD-949A-190DC560B5CA}.Release|Any CPU.Build.0 = Release|Any CPU
	EndGlobalSection
	GlobalSection(SolutionProperties) = preSolution
		HideSolutionNode = FALSE
	EndGlobalSection
	GlobalSection(ExtensibilityGlobals) = postSolution
		SolutionGuid = {B3B4784D-1F3D-4DDA-B6F4-9E5CDAC1F3D9}
	EndGlobalSection
EndGlobal
