
Microsoft Visual Studio Solution File, Format Version 12.00
# Visual Studio 15
VisualStudioVersion = 15.0.27004.2008
MinimumVisualStudioVersion = 10.0.40219.1
Project("{FAE04EC0-301F-11D3-BF4B-00C04F79EFBC}") = "ProductsShop.Client", "ProductsShop.Client\ProductsShop.Client.csproj", "{EF335276-AEE4-4978-AF42-B1B8C650CC8D}"
EndProject
Project("{FAE04EC0-301F-11D3-BF4B-00C04F79EFBC}") = "ProductsShop.Data", "ProductsShop.Data\ProductsShop.Data.csproj", "{95EBD381-02AA-4BE8-ACF6-BC3125E404A8}"
EndProject
Project("{FAE04EC0-301F-11D3-BF4B-00C04F79EFBC}") = "ProductsShop.Models", "ProductsShop.Models\ProductsShop.Models.csproj", "{BB13056B-1C41-472F-B52B-03B958DA6965}"
EndProject
Project("{FAE04EC0-301F-11D3-BF4B-00C04F79EFBC}") = "ProductsShop.Import", "ProductsShop.Import\ProductsShop.Import.csproj", "{FABCF4C7-100B-4A6C-9332-8274471ECEC1}"
EndProject
Project("{FAE04EC0-301F-11D3-BF4B-00C04F79EFBC}") = "ProductsShop.Export", "ProductsShop.Export\ProductsShop.Export.csproj", "{685E8653-23F9-4925-8591-5B814AC0E054}"
EndProject
Global
	GlobalSection(SolutionConfigurationPlatforms) = preSolution
		Debug|Any CPU = Debug|Any CPU
		Release|Any CPU = Release|Any CPU
	EndGlobalSection
	GlobalSection(ProjectConfigurationPlatforms) = postSolution
		{EF335276-AEE4-4978-AF42-B1B8C650CC8D}.Debug|Any CPU.ActiveCfg = Debug|Any CPU
		{EF335276-AEE4-4978-AF42-B1B8C650CC8D}.Debug|Any CPU.Build.0 = Debug|Any CPU
		{EF335276-AEE4-4978-AF42-B1B8C650CC8D}.Release|Any CPU.ActiveCfg = Release|Any CPU
		{EF335276-AEE4-4978-AF42-B1B8C650CC8D}.Release|Any CPU.Build.0 = Release|Any CPU
		{95EBD381-02AA-4BE8-ACF6-BC3125E404A8}.Debug|Any CPU.ActiveCfg = Debug|Any CPU
		{95EBD381-02AA-4BE8-ACF6-BC3125E404A8}.Debug|Any CPU.Build.0 = Debug|Any CPU
		{95EBD381-02AA-4BE8-ACF6-BC3125E404A8}.Release|Any CPU.ActiveCfg = Release|Any CPU
		{95EBD381-02AA-4BE8-ACF6-BC3125E404A8}.Release|Any CPU.Build.0 = Release|Any CPU
		{BB13056B-1C41-472F-B52B-03B958DA6965}.Debug|Any CPU.ActiveCfg = Debug|Any CPU
		{BB13056B-1C41-472F-B52B-03B958DA6965}.Debug|Any CPU.Build.0 = Debug|Any CPU
		{BB13056B-1C41-472F-B52B-03B958DA6965}.Release|Any CPU.ActiveCfg = Release|Any CPU
		{BB13056B-1C41-472F-B52B-03B958DA6965}.Release|Any CPU.Build.0 = Release|Any CPU
		{FABCF4C7-100B-4A6C-9332-8274471ECEC1}.Debug|Any CPU.ActiveCfg = Debug|Any CPU
		{FABCF4C7-100B-4A6C-9332-8274471ECEC1}.Debug|Any CPU.Build.0 = Debug|Any CPU
		{FABCF4C7-100B-4A6C-9332-8274471ECEC1}.Release|Any CPU.ActiveCfg = Release|Any CPU
		{FABCF4C7-100B-4A6C-9332-8274471ECEC1}.Release|Any CPU.Build.0 = Release|Any CPU
		{685E8653-23F9-4925-8591-5B814AC0E054}.Debug|Any CPU.ActiveCfg = Debug|Any CPU
		{685E8653-23F9-4925-8591-5B814AC0E054}.Debug|Any CPU.Build.0 = Debug|Any CPU
		{685E8653-23F9-4925-8591-5B814AC0E054}.Release|Any CPU.ActiveCfg = Release|Any CPU
		{685E8653-23F9-4925-8591-5B814AC0E054}.Release|Any CPU.Build.0 = Release|Any CPU
	EndGlobalSection
	GlobalSection(SolutionProperties) = preSolution
		HideSolutionNode = FALSE
	EndGlobalSection
	GlobalSection(ExtensibilityGlobals) = postSolution
		SolutionGuid = {C1E0E082-D3D0-4CBF-B1FD-778777BC11CE}
	EndGlobalSection
EndGlobal
